
Microsoft Visual Studio Solution File, Format Version 12.00
# Visual Studio 15
VisualStudioVersion = 15.0.28010.2026
MinimumVisualStudioVersion = 10.0.40219.1
Project("{FAE04EC0-301F-11D3-BF4B-00C04F79EFBC}") = "wisielec", "wisielec\wisielec.csproj", "{976486EF-0B85-41AE-8CED-280D3B8A4C56}"
EndProject
Global
	GlobalSection(SolutionConfigurationPlatforms) = preSolution
		Debug|Any CPU = Debug|Any CPU
		Release|Any CPU = Release|Any CPU
	EndGlobalSection
	GlobalSection(ProjectConfigurationPlatforms) = postSolution
		{976486EF-0B85-41AE-8CED-280D3B8A4C56}.Debug|Any CPU.ActiveCfg = Debug|Any CPU
		{976486EF-0B85-41AE-8CED-280D3B8A4C56}.Debug|Any CPU.Build.0 = Debug|Any CPU
		{976486EF-0B85-41AE-8CED-280D3B8A4C56}.Release|Any CPU.ActiveCfg = Release|Any CPU
		{976486EF-0B85-41AE-8CED-280D3B8A4C56}.Release|Any CPU.Build.0 = Release|Any CPU
	EndGlobalSection
	GlobalSection(SolutionProperties) = preSolution
		HideSolutionNode = FALSE
	EndGlobalSection
	GlobalSection(ExtensibilityGlobals) = postSolution
		SolutionGuid = {EE5F2073-0F43-44DF-BF87-D3D45F485521}
	EndGlobalSection
EndGlobal
